
Microsoft Visual Studio Solution File, Format Version 12.00
# Visual Studio Version 16
VisualStudioVersion = 16.0.30225.117
MinimumVisualStudioVersion = 10.0.40219.1
Project("{9A19103F-16F7-4668-BE54-9A1E7A4F7556}") = "GCDClassLibrary", "GCDClassLibrary\GCDClassLibrary.csproj", "{3852B261-61F9-4CA4-84EF-E68C0EDA639D}"
EndProject
Project("{9A19103F-16F7-4668-BE54-9A1E7A4F7556}") = "GCDClassLibrary.Tests", "GCDClassLibrary.Tests\GCDClassLibrary.Tests.csproj", "{67AB447A-1AE8-435D-AEC1-662779E47314}"
EndProject
Project("{9A19103F-16F7-4668-BE54-9A1E7A4F7556}") = "ReaderLibrary", "ReaderLibrary\ReaderLibrary.csproj", "{D53D5D79-03AD-455F-BAB1-7EB2591C8503}"
EndProject
Project("{9A19103F-16F7-4668-BE54-9A1E7A4F7556}") = "ShapeLibrary", "ShapeLibrary\ShapeLibrary.csproj", "{5E9093B7-1D34-4FC6-894D-9B302D8886B2}"
EndProject
Project("{FAE04EC0-301F-11D3-BF4B-00C04F79EFBC}") = "ShapeLibrary.Test", "ShapeLibrary.Test\ShapeLibrary.Test.csproj", "{5BC2E317-AAAA-41A7-8D4D-CB2261BF1901}"
EndProject
Project("{FAE04EC0-301F-11D3-BF4B-00C04F79EFBC}") = "ReaderLibrary.Tests", "ReaderLibrary.Tests\ReaderLibrary.Tests.csproj", "{E0F7B03C-6DB5-4B93-85B7-CDF58A3DBB01}"
EndProject
Global
	GlobalSection(SolutionConfigurationPlatforms) = preSolution
		Debug|Any CPU = Debug|Any CPU
		Release|Any CPU = Release|Any CPU
	EndGlobalSection
	GlobalSection(ProjectConfigurationPlatforms) = postSolution
		{3852B261-61F9-4CA4-84EF-E68C0EDA639D}.Debug|Any CPU.ActiveCfg = Debug|Any CPU
		{3852B261-61F9-4CA4-84EF-E68C0EDA639D}.Debug|Any CPU.Build.0 = Debug|Any CPU
		{3852B261-61F9-4CA4-84EF-E68C0EDA639D}.Release|Any CPU.ActiveCfg = Release|Any CPU
		{3852B261-61F9-4CA4-84EF-E68C0EDA639D}.Release|Any CPU.Build.0 = Release|Any CPU
		{67AB447A-1AE8-435D-AEC1-662779E47314}.Debug|Any CPU.ActiveCfg = Debug|Any CPU
		{67AB447A-1AE8-435D-AEC1-662779E47314}.Debug|Any CPU.Build.0 = Debug|Any CPU
		{67AB447A-1AE8-435D-AEC1-662779E47314}.Release|Any CPU.ActiveCfg = Release|Any CPU
		{67AB447A-1AE8-435D-AEC1-662779E47314}.Release|Any CPU.Build.0 = Release|Any CPU
		{D53D5D79-03AD-455F-BAB1-7EB2591C8503}.Debug|Any CPU.ActiveCfg = Debug|Any CPU
		{D53D5D79-03AD-455F-BAB1-7EB2591C8503}.Debug|Any CPU.Build.0 = Debug|Any CPU
		{D53D5D79-03AD-455F-BAB1-7EB2591C8503}.Release|Any CPU.ActiveCfg = Release|Any CPU
		{D53D5D79-03AD-455F-BAB1-7EB2591C8503}.Release|Any CPU.Build.0 = Release|Any CPU
		{5E9093B7-1D34-4FC6-894D-9B302D8886B2}.Debug|Any CPU.ActiveCfg = Debug|Any CPU
		{5E9093B7-1D34-4FC6-894D-9B302D8886B2}.Debug|Any CPU.Build.0 = Debug|Any CPU
		{5E9093B7-1D34-4FC6-894D-9B302D8886B2}.Release|Any CPU.ActiveCfg = Release|Any CPU
		{5E9093B7-1D34-4FC6-894D-9B302D8886B2}.Release|Any CPU.Build.0 = Release|Any CPU
		{5BC2E317-AAAA-41A7-8D4D-CB2261BF1901}.Debug|Any CPU.ActiveCfg = Debug|Any CPU
		{5BC2E317-AAAA-41A7-8D4D-CB2261BF1901}.Debug|Any CPU.Build.0 = Debug|Any CPU
		{5BC2E317-AAAA-41A7-8D4D-CB2261BF1901}.Release|Any CPU.ActiveCfg = Release|Any CPU
		{5BC2E317-AAAA-41A7-8D4D-CB2261BF1901}.Release|Any CPU.Build.0 = Release|Any CPU
		{E0F7B03C-6DB5-4B93-85B7-CDF58A3DBB01}.Debug|Any CPU.ActiveCfg = Debug|Any CPU
		{E0F7B03C-6DB5-4B93-85B7-CDF58A3DBB01}.Debug|Any CPU.Build.0 = Debug|Any CPU
		{E0F7B03C-6DB5-4B93-85B7-CDF58A3DBB01}.Release|Any CPU.ActiveCfg = Release|Any CPU
		{E0F7B03C-6DB5-4B93-85B7-CDF58A3DBB01}.Release|Any CPU.Build.0 = Release|Any CPU
	EndGlobalSection
	GlobalSection(SolutionProperties) = preSolution
		HideSolutionNode = FALSE
	EndGlobalSection
	GlobalSection(ExtensibilityGlobals) = postSolution
		SolutionGuid = {3E6BFBD0-1AF4-4B87-9A09-396EC0FBED04}
	EndGlobalSection
EndGlobal
