
Microsoft Visual Studio Solution File, Format Version 12.00
# Visual Studio Version 16
VisualStudioVersion = 16.0.30225.117
MinimumVisualStudioVersion = 10.0.40219.1
Project("{FAE04EC0-301F-11D3-BF4B-00C04F79EFBC}") = "GCDClassLibrary", "GCDClassLibrary\GCDClassLibrary.csproj", "{3852B261-61F9-4CA4-84EF-E68C0EDA639D}"
EndProject
Global
	GlobalSection(SolutionConfigurationPlatforms) = preSolution
		Debug|Any CPU = Debug|Any CPU
		Release|Any CPU = Release|Any CPU
	EndGlobalSection
	GlobalSection(ProjectConfigurationPlatforms) = postSolution
		{3852B261-61F9-4CA4-84EF-E68C0EDA639D}.Debug|Any CPU.ActiveCfg = Debug|Any CPU
		{3852B261-61F9-4CA4-84EF-E68C0EDA639D}.Debug|Any CPU.Build.0 = Debug|Any CPU
		{3852B261-61F9-4CA4-84EF-E68C0EDA639D}.Release|Any CPU.ActiveCfg = Release|Any CPU
		{3852B261-61F9-4CA4-84EF-E68C0EDA639D}.Release|Any CPU.Build.0 = Release|Any CPU
	EndGlobalSection
	GlobalSection(SolutionProperties) = preSolution
		HideSolutionNode = FALSE
	EndGlobalSection
	GlobalSection(ExtensibilityGlobals) = postSolution
		SolutionGuid = {3E6BFBD0-1AF4-4B87-9A09-396EC0FBED04}
	EndGlobalSection
EndGlobal
