
Microsoft Visual Studio Solution File, Format Version 12.00
# Visual Studio Version 16
VisualStudioVersion = 16.0.30309.148
MinimumVisualStudioVersion = 10.0.40219.1
Project("{2150E333-8FDC-42A3-9474-1A3956D46DE8}") = "src", "src", "{08B571D3-3BE7-4D53-BF7F-1E0C9EE2A7E0}"
EndProject
Project("{2150E333-8FDC-42A3-9474-1A3956D46DE8}") = "test", "test", "{A25FE287-589D-46C9-B512-E470A72633E3}"
EndProject
Project("{9A19103F-16F7-4668-BE54-9A1E7A4F7556}") = "VectorOperator", "src\VectorOperator\VectorOperator.csproj", "{2FAEBDC2-CD50-4420-B173-56ACE6AEAE77}"
EndProject
Project("{9A19103F-16F7-4668-BE54-9A1E7A4F7556}") = "VectorOperator.Tests", "test\VectorOperator.Tests\VectorOperator.Tests.csproj", "{2DB41EC5-EF25-4A5F-938D-B3D8E41822E0}"
EndProject
Project("{FAE04EC0-301F-11D3-BF4B-00C04F79EFBC}") = "PolynomialClassLibrary", "src\PolynomialClassLibrary\PolynomialClassLibrary.csproj", "{CA78032F-8B48-46CE-8F9A-73E58DBEBEC0}"
EndProject
Project("{FAE04EC0-301F-11D3-BF4B-00C04F79EFBC}") = "PolynomialClassLibrary.Tests", "test\PolynomialClassLibrary.Tests\PolynomialClassLibrary.Tests.csproj", "{A426ACD0-C279-48B5-B88B-89162108099A}"
EndProject
Global
	GlobalSection(SolutionConfigurationPlatforms) = preSolution
		Debug|Any CPU = Debug|Any CPU
		Release|Any CPU = Release|Any CPU
	EndGlobalSection
	GlobalSection(ProjectConfigurationPlatforms) = postSolution
		{2FAEBDC2-CD50-4420-B173-56ACE6AEAE77}.Debug|Any CPU.ActiveCfg = Debug|Any CPU
		{2FAEBDC2-CD50-4420-B173-56ACE6AEAE77}.Debug|Any CPU.Build.0 = Debug|Any CPU
		{2FAEBDC2-CD50-4420-B173-56ACE6AEAE77}.Release|Any CPU.ActiveCfg = Release|Any CPU
		{2FAEBDC2-CD50-4420-B173-56ACE6AEAE77}.Release|Any CPU.Build.0 = Release|Any CPU
		{2DB41EC5-EF25-4A5F-938D-B3D8E41822E0}.Debug|Any CPU.ActiveCfg = Debug|Any CPU
		{2DB41EC5-EF25-4A5F-938D-B3D8E41822E0}.Debug|Any CPU.Build.0 = Debug|Any CPU
		{2DB41EC5-EF25-4A5F-938D-B3D8E41822E0}.Release|Any CPU.ActiveCfg = Release|Any CPU
		{2DB41EC5-EF25-4A5F-938D-B3D8E41822E0}.Release|Any CPU.Build.0 = Release|Any CPU
		{CA78032F-8B48-46CE-8F9A-73E58DBEBEC0}.Debug|Any CPU.ActiveCfg = Debug|Any CPU
		{CA78032F-8B48-46CE-8F9A-73E58DBEBEC0}.Debug|Any CPU.Build.0 = Debug|Any CPU
		{CA78032F-8B48-46CE-8F9A-73E58DBEBEC0}.Release|Any CPU.ActiveCfg = Release|Any CPU
		{CA78032F-8B48-46CE-8F9A-73E58DBEBEC0}.Release|Any CPU.Build.0 = Release|Any CPU
		{A426ACD0-C279-48B5-B88B-89162108099A}.Debug|Any CPU.ActiveCfg = Debug|Any CPU
		{A426ACD0-C279-48B5-B88B-89162108099A}.Debug|Any CPU.Build.0 = Debug|Any CPU
		{A426ACD0-C279-48B5-B88B-89162108099A}.Release|Any CPU.ActiveCfg = Release|Any CPU
		{A426ACD0-C279-48B5-B88B-89162108099A}.Release|Any CPU.Build.0 = Release|Any CPU
	EndGlobalSection
	GlobalSection(SolutionProperties) = preSolution
		HideSolutionNode = FALSE
	EndGlobalSection
	GlobalSection(NestedProjects) = preSolution
		{2FAEBDC2-CD50-4420-B173-56ACE6AEAE77} = {08B571D3-3BE7-4D53-BF7F-1E0C9EE2A7E0}
		{2DB41EC5-EF25-4A5F-938D-B3D8E41822E0} = {A25FE287-589D-46C9-B512-E470A72633E3}
		{CA78032F-8B48-46CE-8F9A-73E58DBEBEC0} = {08B571D3-3BE7-4D53-BF7F-1E0C9EE2A7E0}
		{A426ACD0-C279-48B5-B88B-89162108099A} = {A25FE287-589D-46C9-B512-E470A72633E3}
	EndGlobalSection
	GlobalSection(ExtensibilityGlobals) = postSolution
		SolutionGuid = {5AFD052D-205B-4416-9FB7-9DAB0DD6F7EC}
	EndGlobalSection
EndGlobal
